
Microsoft Visual Studio Solution File, Format Version 12.00
# Visual Studio Version 17
VisualStudioVersion = 17.4.33110.190
MinimumVisualStudioVersion = 10.0.40219.1
Project("{9A19103F-16F7-4668-BE54-9A1E7A4F7556}") = "Day1", "Day1\Day1.csproj", "{CA2CFE50-58A1-4257-96F2-E5AAFFB9E044}"
EndProject
Project("{9A19103F-16F7-4668-BE54-9A1E7A4F7556}") = "Day2", "Day2\Day2.csproj", "{940CA2CE-1017-4C78-BD2A-2708608850AE}"
EndProject
Project("{9A19103F-16F7-4668-BE54-9A1E7A4F7556}") = "Day4", "Day4\Day4.csproj", "{B5EF29EC-4407-45B6-AADC-FAA326373B13}"
EndProject
Project("{FAE04EC0-301F-11D3-BF4B-00C04F79EFBC}") = "Day5", "Day5\Day5.csproj", "{34964E41-9285-4E67-A992-3FA9F18CB1E2}"
EndProject
Global
	GlobalSection(SolutionConfigurationPlatforms) = preSolution
		Debug|Any CPU = Debug|Any CPU
		Release|Any CPU = Release|Any CPU
	EndGlobalSection
	GlobalSection(ProjectConfigurationPlatforms) = postSolution
		{CA2CFE50-58A1-4257-96F2-E5AAFFB9E044}.Debug|Any CPU.ActiveCfg = Debug|Any CPU
		{CA2CFE50-58A1-4257-96F2-E5AAFFB9E044}.Debug|Any CPU.Build.0 = Debug|Any CPU
		{CA2CFE50-58A1-4257-96F2-E5AAFFB9E044}.Release|Any CPU.ActiveCfg = Release|Any CPU
		{CA2CFE50-58A1-4257-96F2-E5AAFFB9E044}.Release|Any CPU.Build.0 = Release|Any CPU
		{940CA2CE-1017-4C78-BD2A-2708608850AE}.Debug|Any CPU.ActiveCfg = Debug|Any CPU
		{940CA2CE-1017-4C78-BD2A-2708608850AE}.Debug|Any CPU.Build.0 = Debug|Any CPU
		{940CA2CE-1017-4C78-BD2A-2708608850AE}.Release|Any CPU.ActiveCfg = Release|Any CPU
		{940CA2CE-1017-4C78-BD2A-2708608850AE}.Release|Any CPU.Build.0 = Release|Any CPU
		{B5EF29EC-4407-45B6-AADC-FAA326373B13}.Debug|Any CPU.ActiveCfg = Debug|Any CPU
		{B5EF29EC-4407-45B6-AADC-FAA326373B13}.Debug|Any CPU.Build.0 = Debug|Any CPU
		{B5EF29EC-4407-45B6-AADC-FAA326373B13}.Release|Any CPU.ActiveCfg = Release|Any CPU
		{B5EF29EC-4407-45B6-AADC-FAA326373B13}.Release|Any CPU.Build.0 = Release|Any CPU
		{34964E41-9285-4E67-A992-3FA9F18CB1E2}.Debug|Any CPU.ActiveCfg = Debug|Any CPU
		{34964E41-9285-4E67-A992-3FA9F18CB1E2}.Debug|Any CPU.Build.0 = Debug|Any CPU
		{34964E41-9285-4E67-A992-3FA9F18CB1E2}.Release|Any CPU.ActiveCfg = Release|Any CPU
		{34964E41-9285-4E67-A992-3FA9F18CB1E2}.Release|Any CPU.Build.0 = Release|Any CPU
	EndGlobalSection
	GlobalSection(SolutionProperties) = preSolution
		HideSolutionNode = FALSE
	EndGlobalSection
	GlobalSection(ExtensibilityGlobals) = postSolution
		SolutionGuid = {1212583B-BBCD-4D7B-93C1-04A8052BEDFA}
	EndGlobalSection
EndGlobal
